
Microsoft Visual Studio Solution File, Format Version 12.00
# Visual Studio Version 16
VisualStudioVersion = 16.0.29613.14
MinimumVisualStudioVersion = 10.0.40219.1
Project("{FAE04EC0-301F-11D3-BF4B-00C04F79EFBC}") = "WaterMangoANGULAR", "WaterMangoANGULAR.csproj", "{FDBD2CFB-250B-49FE-A868-6CE0C652A250}"
EndProject
Global
	GlobalSection(SolutionConfigurationPlatforms) = preSolution
		Debug|Any CPU = Debug|Any CPU
		Release|Any CPU = Release|Any CPU
	EndGlobalSection
	GlobalSection(ProjectConfigurationPlatforms) = postSolution
		{FDBD2CFB-250B-49FE-A868-6CE0C652A250}.Debug|Any CPU.ActiveCfg = Debug|Any CPU
		{FDBD2CFB-250B-49FE-A868-6CE0C652A250}.Debug|Any CPU.Build.0 = Debug|Any CPU
		{FDBD2CFB-250B-49FE-A868-6CE0C652A250}.Release|Any CPU.ActiveCfg = Release|Any CPU
		{FDBD2CFB-250B-49FE-A868-6CE0C652A250}.Release|Any CPU.Build.0 = Release|Any CPU
	EndGlobalSection
	GlobalSection(SolutionProperties) = preSolution
		HideSolutionNode = FALSE
	EndGlobalSection
	GlobalSection(ExtensibilityGlobals) = postSolution
		SolutionGuid = {1058231F-D754-42DF-A9ED-3CFCBDBD9584}
	EndGlobalSection
EndGlobal
